
Microsoft Visual Studio Solution File, Format Version 12.00
# Visual Studio Version 16
VisualStudioVersion = 16.0.31025.194
MinimumVisualStudioVersion = 10.0.40219.1
Project("{FAE04EC0-301F-11D3-BF4B-00C04F79EFBC}") = "LojaGames", "LojaGames\LojaGames.csproj", "{10AE4196-5CA8-42C1-B39B-1CC082151376}"
EndProject
Global
	GlobalSection(SolutionConfigurationPlatforms) = preSolution
		Debug|Any CPU = Debug|Any CPU
		Release|Any CPU = Release|Any CPU
	EndGlobalSection
	GlobalSection(ProjectConfigurationPlatforms) = postSolution
		{10AE4196-5CA8-42C1-B39B-1CC082151376}.Debug|Any CPU.ActiveCfg = Debug|Any CPU
		{10AE4196-5CA8-42C1-B39B-1CC082151376}.Debug|Any CPU.Build.0 = Debug|Any CPU
		{10AE4196-5CA8-42C1-B39B-1CC082151376}.Release|Any CPU.ActiveCfg = Release|Any CPU
		{10AE4196-5CA8-42C1-B39B-1CC082151376}.Release|Any CPU.Build.0 = Release|Any CPU
	EndGlobalSection
	GlobalSection(SolutionProperties) = preSolution
		HideSolutionNode = FALSE
	EndGlobalSection
	GlobalSection(ExtensibilityGlobals) = postSolution
		SolutionGuid = {BE74D4DA-9C6C-4372-8202-9E4C66A3E7AE}
	EndGlobalSection
EndGlobal
